
Microsoft Visual Studio Solution File, Format Version 12.00
# Visual Studio Version 16
VisualStudioVersion = 16.0.30413.136
MinimumVisualStudioVersion = 10.0.40219.1
Project("{9A19103F-16F7-4668-BE54-9A1E7A4F7556}") = "UN.EntityFramework.Extensions.Pagination", "UN.EntityFramework.Extensions.Pagination\UN.EntityFramework.Extensions.Pagination.csproj", "{2D9B33B2-CF40-4575-8F98-9319F9FE65CE}"
EndProject
Project("{2150E333-8FDC-42A3-9474-1A3956D46DE8}") = "Samples", "Samples", "{0B94B4DF-2F03-4F9D-896B-2C2A67B95126}"
EndProject
Project("{FAE04EC0-301F-11D3-BF4B-00C04F79EFBC}") = "SampleBlazorWeb", "Samples\SampleBlazorWeb\SampleBlazorWeb.csproj", "{77CBCDF3-9E8D-4581-8022-CE14FF2584F9}"
EndProject
Global
	GlobalSection(SolutionConfigurationPlatforms) = preSolution
		Debug|Any CPU = Debug|Any CPU
		Release|Any CPU = Release|Any CPU
	EndGlobalSection
	GlobalSection(ProjectConfigurationPlatforms) = postSolution
		{2D9B33B2-CF40-4575-8F98-9319F9FE65CE}.Debug|Any CPU.ActiveCfg = Debug|Any CPU
		{2D9B33B2-CF40-4575-8F98-9319F9FE65CE}.Debug|Any CPU.Build.0 = Debug|Any CPU
		{2D9B33B2-CF40-4575-8F98-9319F9FE65CE}.Release|Any CPU.ActiveCfg = Release|Any CPU
		{2D9B33B2-CF40-4575-8F98-9319F9FE65CE}.Release|Any CPU.Build.0 = Release|Any CPU
		{77CBCDF3-9E8D-4581-8022-CE14FF2584F9}.Debug|Any CPU.ActiveCfg = Debug|Any CPU
		{77CBCDF3-9E8D-4581-8022-CE14FF2584F9}.Debug|Any CPU.Build.0 = Debug|Any CPU
		{77CBCDF3-9E8D-4581-8022-CE14FF2584F9}.Release|Any CPU.ActiveCfg = Release|Any CPU
		{77CBCDF3-9E8D-4581-8022-CE14FF2584F9}.Release|Any CPU.Build.0 = Release|Any CPU
	EndGlobalSection
	GlobalSection(SolutionProperties) = preSolution
		HideSolutionNode = FALSE
	EndGlobalSection
	GlobalSection(NestedProjects) = preSolution
		{77CBCDF3-9E8D-4581-8022-CE14FF2584F9} = {0B94B4DF-2F03-4F9D-896B-2C2A67B95126}
	EndGlobalSection
	GlobalSection(ExtensibilityGlobals) = postSolution
		SolutionGuid = {426BBEC6-65FC-469D-9E17-8E757B801179}
	EndGlobalSection
EndGlobal
